// !$*UTF8*$!
{
	archiveVersion = 1;
	classes = {
	};
	objectVersion = 55;
	objects = {

/* Begin PBXBuildFile section */
		8AA2708128F8A348003B25ED /* AppDelegate.swift in Sources */ = {isa = PBXBuildFile; fileRef = 8AA2708028F8A348003B25ED /* AppDelegate.swift */; };
		8AA2708328F8A348003B25ED /* SceneDelegate.swift in Sources */ = {isa = PBXBuildFile; fileRef = 8AA2708228F8A348003B25ED /* SceneDelegate.swift */; };
		8AA2708528F8A348003B25ED /* CreateUserViewController.swift in Sources */ = {isa = PBXBuildFile; fileRef = 8AA2708428F8A348003B25ED /* CreateUserViewController.swift */; };
		8AA2708828F8A348003B25ED /* Main.storyboard in Resources */ = {isa = PBXBuildFile; fileRef = 8AA2708628F8A348003B25ED /* Main.storyboard */; };
		8AA2708A28F8A34B003B25ED /* Assets.xcassets in Resources */ = {isa = PBXBuildFile; fileRef = 8AA2708928F8A34B003B25ED /* Assets.xcassets */; };
		8AA2708D28F8A34B003B25ED /* LaunchScreen.storyboard in Resources */ = {isa = PBXBuildFile; fileRef = 8AA2708B28F8A34B003B25ED /* LaunchScreen.storyboard */; };
		8AA270B128F8AF90003B25ED /* Validation+Extention.swift in Sources */ = {isa = PBXBuildFile; fileRef = 8AA270B028F8AF90003B25ED /* Validation+Extention.swift */; };
		8AA270B328F8AFA3003B25ED /* ViewController+Extention.swift in Sources */ = {isa = PBXBuildFile; fileRef = 8AA270B228F8AFA3003B25ED /* ViewController+Extention.swift */; };
/* End PBXBuildFile section */

/* Begin PBXContainerItemProxy section */
		8AA2709428F8A34B003B25ED /* PBXContainerItemProxy */ = {
			isa = PBXContainerItemProxy;
			containerPortal = 8AA2707528F8A348003B25ED /* Project object */;
			proxyType = 1;
			remoteGlobalIDString = 8AA2707C28F8A348003B25ED;
			remoteInfo = SingleView;
		};
		8AA2709E28F8A34B003B25ED /* PBXContainerItemProxy */ = {
			isa = PBXContainerItemProxy;
			containerPortal = 8AA2707528F8A348003B25ED /* Project object */;
			proxyType = 1;
			remoteGlobalIDString = 8AA2707C28F8A348003B25ED;
			remoteInfo = SingleView;
		};
/* End PBXContainerItemProxy section */

/* Begin PBXFileReference section */
		8AA2707D28F8A348003B25ED /* SingleView.app */ = {isa = PBXFileReference; explicitFileType = wrapper.application; includeInIndex = 0; path = SingleView.app; sourceTree = BUILT_PRODUCTS_DIR; };
		8AA2708028F8A348003B25ED /* AppDelegate.swift */ = {isa = PBXFileReference; lastKnownFileType = sourcecode.swift; path = AppDelegate.swift; sourceTree = "<group>"; };
		8AA2708228F8A348003B25ED /* SceneDelegate.swift */ = {isa = PBXFileReference; lastKnownFileType = sourcecode.swift; path = SceneDelegate.swift; sourceTree = "<group>"; };
		8AA2708428F8A348003B25ED /* CreateUserViewController.swift */ = {isa = PBXFileReference; lastKnownFileType = sourcecode.swift; path = CreateUserViewController.swift; sourceTree = "<group>"; };
		8AA2708728F8A348003B25ED /* Base */ = {isa = PBXFileReference; lastKnownFileType = file.storyboard; name = Base; path = Base.lproj/Main.storyboard; sourceTree = "<group>"; };
		8AA2708928F8A34B003B25ED /* Assets.xcassets */ = {isa = PBXFileReference; lastKnownFileType = folder.assetcatalog; path = Assets.xcassets; sourceTree = "<group>"; };
		8AA2708C28F8A34B003B25ED /* Base */ = {isa = PBXFileReference; lastKnownFileType = file.storyboard; name = Base; path = Base.lproj/LaunchScreen.storyboard; sourceTree = "<group>"; };
		8AA2708E28F8A34B003B25ED /* Info.plist */ = {isa = PBXFileReference; lastKnownFileType = text.plist.xml; path = Info.plist; sourceTree = "<group>"; };
		8AA2709328F8A34B003B25ED /* SingleViewTests.xctest */ = {isa = PBXFileReference; explicitFileType = wrapper.cfbundle; includeInIndex = 0; path = SingleViewTests.xctest; sourceTree = BUILT_PRODUCTS_DIR; };
		8AA2709D28F8A34B003B25ED /* SingleViewUITests.xctest */ = {isa = PBXFileReference; explicitFileType = wrapper.cfbundle; includeInIndex = 0; path = SingleViewUITests.xctest; sourceTree = BUILT_PRODUCTS_DIR; };
		8AA270B028F8AF90003B25ED /* Validation+Extention.swift */ = {isa = PBXFileReference; lastKnownFileType = sourcecode.swift; path = "Validation+Extention.swift"; sourceTree = "<group>"; };
		8AA270B228F8AFA3003B25ED /* ViewController+Extention.swift */ = {isa = PBXFileReference; lastKnownFileType = sourcecode.swift; path = "ViewController+Extention.swift"; sourceTree = "<group>"; };
/* End PBXFileReference section */

/* Begin PBXFrameworksBuildPhase section */
		8AA2707A28F8A348003B25ED /* Frameworks */ = {
			isa = PBXFrameworksBuildPhase;
			buildActionMask = 2147483647;
			files = (
			);
			runOnlyForDeploymentPostprocessing = 0;
		};
		8AA2709028F8A34B003B25ED /* Frameworks */ = {
			isa = PBXFrameworksBuildPhase;
			buildActionMask = 2147483647;
			files = (
			);
			runOnlyForDeploymentPostprocessing = 0;
		};
		8AA2709A28F8A34B003B25ED /* Frameworks */ = {
			isa = PBXFrameworksBuildPhase;
			buildActionMask = 2147483647;
			files = (
			);
			runOnlyForDeploymentPostprocessing = 0;
		};
/* End PBXFrameworksBuildPhase section */

/* Begin PBXGroup section */
		8AA2707428F8A348003B25ED = {
			isa = PBXGroup;
			children = (
				8AA2707F28F8A348003B25ED /* SingleView */,
				8AA2707E28F8A348003B25ED /* Products */,
			);
			sourceTree = "<group>";
		};
		8AA2707E28F8A348003B25ED /* Products */ = {
			isa = PBXGroup;
			children = (
				8AA2707D28F8A348003B25ED /* SingleView.app */,
				8AA2709328F8A34B003B25ED /* SingleViewTests.xctest */,
				8AA2709D28F8A34B003B25ED /* SingleViewUITests.xctest */,
			);
			name = Products;
			sourceTree = "<group>";
		};
		8AA2707F28F8A348003B25ED /* SingleView */ = {
			isa = PBXGroup;
			children = (
				8AA2708028F8A348003B25ED /* AppDelegate.swift */,
				8AA2708228F8A348003B25ED /* SceneDelegate.swift */,
				8AA270B428F90590003B25ED /* ViewController */,
				8AA270B528F905AB003B25ED /* Extentions */,
				8AA2708628F8A348003B25ED /* Main.storyboard */,
				8AA2708928F8A34B003B25ED /* Assets.xcassets */,
				8AA2708B28F8A34B003B25ED /* LaunchScreen.storyboard */,
				8AA2708E28F8A34B003B25ED /* Info.plist */,
			);
			path = SingleView;
			sourceTree = "<group>";
		};
		8AA270B428F90590003B25ED /* ViewController */ = {
			isa = PBXGroup;
			children = (
				8AA2708428F8A348003B25ED /* CreateUserViewController.swift */,
			);
			path = ViewController;
			sourceTree = "<group>";
		};
		8AA270B528F905AB003B25ED /* Extentions */ = {
			isa = PBXGroup;
			children = (
				8AA270B028F8AF90003B25ED /* Validation+Extention.swift */,
				8AA270B228F8AFA3003B25ED /* ViewController+Extention.swift */,
			);
			path = Extentions;
			sourceTree = "<group>";
		};
/* End PBXGroup section */

/* Begin PBXNativeTarget section */
		8AA2707C28F8A348003B25ED /* SingleView */ = {
			isa = PBXNativeTarget;
			buildConfigurationList = 8AA270A728F8A34B003B25ED /* Build configuration list for PBXNativeTarget "SingleView" */;
			buildPhases = (
				8AA2707928F8A348003B25ED /* Sources */,
				8AA2707A28F8A348003B25ED /* Frameworks */,
				8AA2707B28F8A348003B25ED /* Resources */,
			);
			buildRules = (
			);
			dependencies = (
			);
			name = SingleView;
			productName = SingleView;
			productReference = 8AA2707D28F8A348003B25ED /* SingleView.app */;
			productType = "com.apple.product-type.application";
		};
		8AA2709228F8A34B003B25ED /* SingleViewTests */ = {
			isa = PBXNativeTarget;
			buildConfigurationList = 8AA270AA28F8A34B003B25ED /* Build configuration list for PBXNativeTarget "SingleViewTests" */;
			buildPhases = (
				8AA2708F28F8A34B003B25ED /* Sources */,
				8AA2709028F8A34B003B25ED /* Frameworks */,
				8AA2709128F8A34B003B25ED /* Resources */,
			);
			buildRules = (
			);
			dependencies = (
				8AA2709528F8A34B003B25ED /* PBXTargetDependency */,
			);
			name = SingleViewTests;
			productName = SingleViewTests;
			productReference = 8AA2709328F8A34B003B25ED /* SingleViewTests.xctest */;
			productType = "com.apple.product-type.bundle.unit-test";
		};
		8AA2709C28F8A34B003B25ED /* SingleViewUITests */ = {
			isa = PBXNativeTarget;
			buildConfigurationList = 8AA270AD28F8A34B003B25ED /* Build configuration list for PBXNativeTarget "SingleViewUITests" */;
			buildPhases = (
				8AA2709928F8A34B003B25ED /* Sources */,
				8AA2709A28F8A34B003B25ED /* Frameworks */,
				8AA2709B28F8A34B003B25ED /* Resources */,
			);
			buildRules = (
			);
			dependencies = (
				8AA2709F28F8A34B003B25ED /* PBXTargetDependency */,
			);
			name = SingleViewUITests;
			productName = SingleViewUITests;
			productReference = 8AA2709D28F8A34B003B25ED /* SingleViewUITests.xctest */;
			productType = "com.apple.product-type.bundle.ui-testing";
		};
/* End PBXNativeTarget section */

/* Begin PBXProject section */
		8AA2707528F8A348003B25ED /* Project object */ = {
			isa = PBXProject;
			attributes = {
				BuildIndependentTargetsInParallel = 1;
				LastSwiftUpdateCheck = 1340;
				LastUpgradeCheck = 1340;
				TargetAttributes = {
					8AA2707C28F8A348003B25ED = {
						CreatedOnToolsVersion = 13.4.1;
					};
					8AA2709228F8A34B003B25ED = {
						CreatedOnToolsVersion = 13.4.1;
						TestTargetID = 8AA2707C28F8A348003B25ED;
					};
					8AA2709C28F8A34B003B25ED = {
						CreatedOnToolsVersion = 13.4.1;
						TestTargetID = 8AA2707C28F8A348003B25ED;
					};
				};
			};
			buildConfigurationList = 8AA2707828F8A348003B25ED /* Build configuration list for PBXProject "SingleView" */;
			compatibilityVersion = "Xcode 13.0";
			developmentRegion = en;
			hasScannedForEncodings = 0;
			knownRegions = (
				en,
				Base,
			);
			mainGroup = 8AA2707428F8A348003B25ED;
			productRefGroup = 8AA2707E28F8A348003B25ED /* Products */;
			projectDirPath = "";
			projectRoot = "";
			targets = (
				8AA2707C28F8A348003B25ED /* SingleView */,
				8AA2709228F8A34B003B25ED /* SingleViewTests */,
				8AA2709C28F8A34B003B25ED /* SingleViewUITests */,
			);
		};
/* End PBXProject section */

/* Begin PBXResourcesBuildPhase section */
		8AA2707B28F8A348003B25ED /* Resources */ = {
			isa = PBXResourcesBuildPhase;
			buildActionMask = 2147483647;
			files = (
				8AA2708D28F8A34B003B25ED /* LaunchScreen.storyboard in Resources */,
				8AA2708A28F8A34B003B25ED /* Assets.xcassets in Resources */,
				8AA2708828F8A348003B25ED /* Main.storyboard in Resources */,
			);
			runOnlyForDeploymentPostprocessing = 0;
		};
		8AA2709128F8A34B003B25ED /* Resources */ = {
			isa = PBXResourcesBuildPhase;
			buildActionMask = 2147483647;
			files = (
			);
			runOnlyForDeploymentPostprocessing = 0;
		};
		8AA2709B28F8A34B003B25ED /* Resources */ = {
			isa = PBXResourcesBuildPhase;
			buildActionMask = 2147483647;
			files = (
			);
			runOnlyForDeploymentPostprocessing = 0;
		};
/* End PBXResourcesBuildPhase section */

/* Begin PBXSourcesBuildPhase section */
		8AA2707928F8A348003B25ED /* Sources */ = {
			isa = PBXSourcesBuildPhase;
			buildActionMask = 2147483647;
			files = (
				8AA2708528F8A348003B25ED /* CreateUserViewController.swift in Sources */,
				8AA270B128F8AF90003B25ED /* Validation+Extention.swift in Sources */,
				8AA270B328F8AFA3003B25ED /* ViewController+Extention.swift in Sources */,
				8AA2708128F8A348003B25ED /* AppDelegate.swift in Sources */,
				8AA2708328F8A348003B25ED /* SceneDelegate.swift in Sources */,
			);
			runOnlyForDeploymentPostprocessing = 0;
		};
		8AA2708F28F8A34B003B25ED /* Sources */ = {
			isa = PBXSourcesBuildPhase;
			buildActionMask = 2147483647;
			files = (
			);
			runOnlyForDeploymentPostprocessing = 0;
		};
		8AA2709928F8A34B003B25ED /* Sources */ = {
			isa = PBXSourcesBuildPhase;
			buildActionMask = 2147483647;
			files = (
			);
			runOnlyForDeploymentPostprocessing = 0;
		};
/* End PBXSourcesBuildPhase section */

/* Begin PBXTargetDependency section */
		8AA2709528F8A34B003B25ED /* PBXTargetDependency */ = {
			isa = PBXTargetDependency;
			target = 8AA2707C28F8A348003B25ED /* SingleView */;
			targetProxy = 8AA2709428F8A34B003B25ED /* PBXContainerItemProxy */;
		};
		8AA2709F28F8A34B003B25ED /* PBXTargetDependency */ = {
			isa = PBXTargetDependency;
			target = 8AA2707C28F8A348003B25ED /* SingleView */;
			targetProxy = 8AA2709E28F8A34B003B25ED /* PBXContainerItemProxy */;
		};
/* End PBXTargetDependency section */

/* Begin PBXVariantGroup section */
		8AA2708628F8A348003B25ED /* Main.storyboard */ = {
			isa = PBXVariantGroup;
			children = (
				8AA2708728F8A348003B25ED /* Base */,
			);
			name = Main.storyboard;
			sourceTree = "<group>";
		};
		8AA2708B28F8A34B003B25ED /* LaunchScreen.storyboard */ = {
			isa = PBXVariantGroup;
			children = (
				8AA2708C28F8A34B003B25ED /* Base */,
			);
			name = LaunchScreen.storyboard;
			sourceTree = "<group>";
		};
/* End PBXVariantGroup section */

/* Begin XCBuildConfiguration section */
		8AA270A528F8A34B003B25ED /* Debug */ = {
			isa = XCBuildConfiguration;
			buildSettings = {
				ALWAYS_SEARCH_USER_PATHS = NO;
				CLANG_ANALYZER_NONNULL = YES;
				CLANG_ANALYZER_NUMBER_OBJECT_CONVERSION = YES_AGGRESSIVE;
				CLANG_CXX_LANGUAGE_STANDARD = "gnu++17";
				CLANG_ENABLE_MODULES = YES;
				CLANG_ENABLE_OBJC_ARC = YES;
				CLANG_ENABLE_OBJC_WEAK = YES;
				CLANG_WARN_BLOCK_CAPTURE_AUTORELEASING = YES;
				CLANG_WARN_BOOL_CONVERSION = YES;
				CLANG_WARN_COMMA = YES;
				CLANG_WARN_CONSTANT_CONVERSION = YES;
				CLANG_WARN_DEPRECATED_OBJC_IMPLEMENTATIONS = YES;
				CLANG_WARN_DIRECT_OBJC_ISA_USAGE = YES_ERROR;
				CLANG_WARN_DOCUMENTATION_COMMENTS = YES;
				CLANG_WARN_EMPTY_BODY = YES;
				CLANG_WARN_ENUM_CONVERSION = YES;
				CLANG_WARN_INFINITE_RECURSION = YES;
				CLANG_WARN_INT_CONVERSION = YES;
				CLANG_WARN_NON_LITERAL_NULL_CONVERSION = YES;
				CLANG_WARN_OBJC_IMPLICIT_RETAIN_SELF = YES;
				CLANG_WARN_OBJC_LITERAL_CONVERSION = YES;
				CLANG_WARN_OBJC_ROOT_CLASS = YES_ERROR;
				CLANG_WARN_QUOTED_INCLUDE_IN_FRAMEWORK_HEADER = YES;
				CLANG_WARN_RANGE_LOOP_ANALYSIS = YES;
				CLANG_WARN_STRICT_PROTOTYPES = YES;
				CLANG_WARN_SUSPICIOUS_MOVE = YES;
				CLANG_WARN_UNGUARDED_AVAILABILITY = YES_AGGRESSIVE;
				CLANG_WARN_UNREACHABLE_CODE = YES;
				CLANG_WARN__DUPLICATE_METHOD_MATCH = YES;
				COPY_PHASE_STRIP = NO;
				DEBUG_INFORMATION_FORMAT = dwarf;
				ENABLE_STRICT_OBJC_MSGSEND = YES;
				ENABLE_TESTABILITY = YES;
				GCC_C_LANGUAGE_STANDARD = gnu11;
				GCC_DYNAMIC_NO_PIC = NO;
				GCC_NO_COMMON_BLOCKS = YES;
				GCC_OPTIMIZATION_LEVEL = 0;
				GCC_PREPROCESSOR_DEFINITIONS = (
					"DEBUG=1",
					"$(inherited)",
				);
				GCC_WARN_64_TO_32_BIT_CONVERSION = YES;
				GCC_WARN_ABOUT_RETURN_TYPE = YES_ERROR;
				GCC_WARN_UNDECLARED_SELECTOR = YES;
				GCC_WARN_UNINITIALIZED_AUTOS = YES_AGGRESSIVE;
				GCC_WARN_UNUSED_FUNCTION = YES;
				GCC_WARN_UNUSED_VARIABLE = YES;
				IPHONEOS_DEPLOYMENT_TARGET = 15.5;
				MTL_ENABLE_DEBUG_INFO = INCLUDE_SOURCE;
				MTL_FAST_MATH = YES;
				ONLY_ACTIVE_ARCH = YES;
				SDKROOT = iphoneos;
				SWIFT_ACTIVE_COMPILATION_CONDITIONS = DEBUG;
				SWIFT_OPTIMIZATION_LEVEL = "-Onone";
			};
			name = Debug;
		};
		8AA270A628F8A34B003B25ED /* Release */ = {
			isa = XCBuildConfiguration;
			buildSettings = {
				ALWAYS_SEARCH_USER_PATHS = NO;
				CLANG_ANALYZER_NONNULL = YES;
				CLANG_ANALYZER_NUMBER_OBJECT_CONVERSION = YES_AGGRESSIVE;
				CLANG_CXX_LANGUAGE_STANDARD = "gnu++17";
				CLANG_ENABLE_MODULES = YES;
				CLANG_ENABLE_OBJC_ARC = YES;
				CLANG_ENABLE_OBJC_WEAK = YES;
				CLANG_WARN_BLOCK_CAPTURE_AUTORELEASING = YES;
				CLANG_WARN_BOOL_CONVERSION = YES;
				CLANG_WARN_COMMA = YES;
				CLANG_WARN_CONSTANT_CONVERSION = YES;
				CLANG_WARN_DEPRECATED_OBJC_IMPLEMENTATIONS = YES;
				CLANG_WARN_DIRECT_OBJC_ISA_USAGE = YES_ERROR;
				CLANG_WARN_DOCUMENTATION_COMMENTS = YES;
				CLANG_WARN_EMPTY_BODY = YES;
				CLANG_WARN_ENUM_CONVERSION = YES;
				CLANG_WARN_INFINITE_RECURSION = YES;
				CLANG_WARN_INT_CONVERSION = YES;
				CLANG_WARN_NON_LITERAL_NULL_CONVERSION = YES;
				CLANG_WARN_OBJC_IMPLICIT_RETAIN_SELF = YES;
				CLANG_WARN_OBJC_LITERAL_CONVERSION = YES;
				CLANG_WARN_OBJC_ROOT_CLASS = YES_ERROR;
				CLANG_WARN_QUOTED_INCLUDE_IN_FRAMEWORK_HEADER = YES;
				CLANG_WARN_RANGE_LOOP_ANALYSIS = YES;
				CLANG_WARN_STRICT_PROTOTYPES = YES;
				CLANG_WARN_SUSPICIOUS_MOVE = YES;
				CLANG_WARN_UNGUARDED_AVAILABILITY = YES_AGGRESSIVE;
				CLANG_WARN_UNREACHABLE_CODE = YES;
				CLANG_WARN__DUPLICATE_METHOD_MATCH = YES;
				COPY_PHASE_STRIP = NO;
				DEBUG_INFORMATION_FORMAT = "dwarf-with-dsym";
				ENABLE_NS_ASSERTIONS = NO;
				ENABLE_STRICT_OBJC_MSGSEND = YES;
				GCC_C_LANGUAGE_STANDARD = gnu11;
				GCC_NO_COMMON_BLOCKS = YES;
				GCC_WARN_64_TO_32_BIT_CONVERSION = YES;
				GCC_WARN_ABOUT_RETURN_TYPE = YES_ERROR;
				GCC_WARN_UNDECLARED_SELECTOR = YES;
				GCC_WARN_UNINITIALIZED_AUTOS = YES_AGGRESSIVE;
				GCC_WARN_UNUSED_FUNCTION = YES;
				GCC_WARN_UNUSED_VARIABLE = YES;
				IPHONEOS_DEPLOYMENT_TARGET = 15.5;
				MTL_ENABLE_DEBUG_INFO = NO;
				MTL_FAST_MATH = YES;
				SDKROOT = iphoneos;
				SWIFT_COMPILATION_MODE = wholemodule;
				SWIFT_OPTIMIZATION_LEVEL = "-O";
				VALIDATE_PRODUCT = YES;
			};
			name = Release;
		};
		8AA270A828F8A34B003B25ED /* Debug */ = {
			isa = XCBuildConfiguration;
			buildSettings = {
				ASSETCATALOG_COMPILER_APPICON_NAME = AppIcon;
				ASSETCATALOG_COMPILER_GLOBAL_ACCENT_COLOR_NAME = AccentColor;
				CODE_SIGN_STYLE = Automatic;
				CURRENT_PROJECT_VERSION = 1;
				DEVELOPMENT_TEAM = 6J2HZER4F3;
				GENERATE_INFOPLIST_FILE = YES;
				INFOPLIST_FILE = SingleView/Info.plist;
				INFOPLIST_KEY_UIApplicationSupportsIndirectInputEvents = YES;
				INFOPLIST_KEY_UILaunchStoryboardName = LaunchScreen;
				INFOPLIST_KEY_UIMainStoryboardFile = Main;
				INFOPLIST_KEY_UISupportedInterfaceOrientations_iPad = "UIInterfaceOrientationPortrait UIInterfaceOrientationPortraitUpsideDown UIInterfaceOrientationLandscapeLeft UIInterfaceOrientationLandscapeRight";
				INFOPLIST_KEY_UISupportedInterfaceOrientations_iPhone = "UIInterfaceOrientationPortrait UIInterfaceOrientationLandscapeLeft UIInterfaceOrientationLandscapeRight";
				LD_RUNPATH_SEARCH_PATHS = (
					"$(inherited)",
					"@executable_path/Frameworks",
				);
				MARKETING_VERSION = 1.0;
				PRODUCT_BUNDLE_IDENTIFIER = Alex.SingleView;
				PRODUCT_NAME = "$(TARGET_NAME)";
				SWIFT_EMIT_LOC_STRINGS = YES;
				SWIFT_VERSION = 5.0;
				TARGETED_DEVICE_FAMILY = "1,2";
			};
			name = Debug;
		};
		8AA270A928F8A34B003B25ED /* Release */ = {
			isa = XCBuildConfiguration;
			buildSettings = {
				ASSETCATALOG_COMPILER_APPICON_NAME = AppIcon;
				ASSETCATALOG_COMPILER_GLOBAL_ACCENT_COLOR_NAME = AccentColor;
				CODE_SIGN_STYLE = Automatic;
				CURRENT_PROJECT_VERSION = 1;
				DEVELOPMENT_TEAM = 6J2HZER4F3;
				GENERATE_INFOPLIST_FILE = YES;
				INFOPLIST_FILE = SingleView/Info.plist;
				INFOPLIST_KEY_UIApplicationSupportsIndirectInputEvents = YES;
				INFOPLIST_KEY_UILaunchStoryboardName = LaunchScreen;
				INFOPLIST_KEY_UIMainStoryboardFile = Main;
				INFOPLIST_KEY_UISupportedInterfaceOrientations_iPad = "UIInterfaceOrientationPortrait UIInterfaceOrientationPortraitUpsideDown UIInterfaceOrientationLandscapeLeft UIInterfaceOrientationLandscapeRight";
				INFOPLIST_KEY_UISupportedInterfaceOrientations_iPhone = "UIInterfaceOrientationPortrait UIInterfaceOrientationLandscapeLeft UIInterfaceOrientationLandscapeRight";
				LD_RUNPATH_SEARCH_PATHS = (
					"$(inherited)",
					"@executable_path/Frameworks",
				);
				MARKETING_VERSION = 1.0;
				PRODUCT_BUNDLE_IDENTIFIER = Alex.SingleView;
				PRODUCT_NAME = "$(TARGET_NAME)";
				SWIFT_EMIT_LOC_STRINGS = YES;
				SWIFT_VERSION = 5.0;
				TARGETED_DEVICE_FAMILY = "1,2";
			};
			name = Release;
		};
		8AA270AB28F8A34B003B25ED /* Debug */ = {
			isa = XCBuildConfiguration;
			buildSettings = {
				ALWAYS_EMBED_SWIFT_STANDARD_LIBRARIES = YES;
				BUNDLE_LOADER = "$(TEST_HOST)";
				CODE_SIGN_STYLE = Automatic;
				CURRENT_PROJECT_VERSION = 1;
				DEVELOPMENT_TEAM = 6J2HZER4F3;
				GENERATE_INFOPLIST_FILE = YES;
				IPHONEOS_DEPLOYMENT_TARGET = 15.5;
				MARKETING_VERSION = 1.0;
				PRODUCT_BUNDLE_IDENTIFIER = Alex.SingleViewTests;
				PRODUCT_NAME = "$(TARGET_NAME)";
				SWIFT_EMIT_LOC_STRINGS = NO;
				SWIFT_VERSION = 5.0;
				TARGETED_DEVICE_FAMILY = "1,2";
				TEST_HOST = "$(BUILT_PRODUCTS_DIR)/SingleView.app/SingleView";
			};
			name = Debug;
		};
		8AA270AC28F8A34B003B25ED /* Release */ = {
			isa = XCBuildConfiguration;
			buildSettings = {
				ALWAYS_EMBED_SWIFT_STANDARD_LIBRARIES = YES;
				BUNDLE_LOADER = "$(TEST_HOST)";
				CODE_SIGN_STYLE = Automatic;
				CURRENT_PROJECT_VERSION = 1;
				DEVELOPMENT_TEAM = 6J2HZER4F3;
				GENERATE_INFOPLIST_FILE = YES;
				IPHONEOS_DEPLOYMENT_TARGET = 15.5;
				MARKETING_VERSION = 1.0;
				PRODUCT_BUNDLE_IDENTIFIER = Alex.SingleViewTests;
				PRODUCT_NAME = "$(TARGET_NAME)";
				SWIFT_EMIT_LOC_STRINGS = NO;
				SWIFT_VERSION = 5.0;
				TARGETED_DEVICE_FAMILY = "1,2";
				TEST_HOST = "$(BUILT_PRODUCTS_DIR)/SingleView.app/SingleView";
			};
			name = Release;
		};
		8AA270AE28F8A34B003B25ED /* Debug */ = {
			isa = XCBuildConfiguration;
			buildSettings = {
				ALWAYS_EMBED_SWIFT_STANDARD_LIBRARIES = YES;
				CODE_SIGN_STYLE = Automatic;
				CURRENT_PROJECT_VERSION = 1;
				DEVELOPMENT_TEAM = 6J2HZER4F3;
				GENERATE_INFOPLIST_FILE = YES;
				MARKETING_VERSION = 1.0;
				PRODUCT_BUNDLE_IDENTIFIER = Alex.SingleViewUITests;
				PRODUCT_NAME = "$(TARGET_NAME)";
				SWIFT_EMIT_LOC_STRINGS = NO;
				SWIFT_VERSION = 5.0;
				TARGETED_DEVICE_FAMILY = "1,2";
				TEST_TARGET_NAME = SingleView;
			};
			name = Debug;
		};
		8AA270AF28F8A34B003B25ED /* Release */ = {
			isa = XCBuildConfiguration;
			buildSettings = {
				ALWAYS_EMBED_SWIFT_STANDARD_LIBRARIES = YES;
				CODE_SIGN_STYLE = Automatic;
				CURRENT_PROJECT_VERSION = 1;
				DEVELOPMENT_TEAM = 6J2HZER4F3;
				GENERATE_INFOPLIST_FILE = YES;
				MARKETING_VERSION = 1.0;
				PRODUCT_BUNDLE_IDENTIFIER = Alex.SingleViewUITests;
				PRODUCT_NAME = "$(TARGET_NAME)";
				SWIFT_EMIT_LOC_STRINGS = NO;
				SWIFT_VERSION = 5.0;
				TARGETED_DEVICE_FAMILY = "1,2";
				TEST_TARGET_NAME = SingleView;
			};
			name = Release;
		};
/* End XCBuildConfiguration section */

/* Begin XCConfigurationList section */
		8AA2707828F8A348003B25ED /* Build configuration list for PBXProject "SingleView" */ = {
			isa = XCConfigurationList;
			buildConfigurations = (
				8AA270A528F8A34B003B25ED /* Debug */,
				8AA270A628F8A34B003B25ED /* Release */,
			);
			defaultConfigurationIsVisible = 0;
			defaultConfigurationName = Release;
		};
		8AA270A728F8A34B003B25ED /* Build configuration list for PBXNativeTarget "SingleView" */ = {
			isa = XCConfigurationList;
			buildConfigurations = (
				8AA270A828F8A34B003B25ED /* Debug */,
				8AA270A928F8A34B003B25ED /* Release */,
			);
			defaultConfigurationIsVisible = 0;
			defaultConfigurationName = Release;
		};
		8AA270AA28F8A34B003B25ED /* Build configuration list for PBXNativeTarget "SingleViewTests" */ = {
			isa = XCConfigurationList;
			buildConfigurations = (
				8AA270AB28F8A34B003B25ED /* Debug */,
				8AA270AC28F8A34B003B25ED /* Release */,
			);
			defaultConfigurationIsVisible = 0;
			defaultConfigurationName = Release;
		};
		8AA270AD28F8A34B003B25ED /* Build configuration list for PBXNativeTarget "SingleViewUITests" */ = {
			isa = XCConfigurationList;
			buildConfigurations = (
				8AA270AE28F8A34B003B25ED /* Debug */,
				8AA270AF28F8A34B003B25ED /* Release */,
			);
			defaultConfigurationIsVisible = 0;
			defaultConfigurationName = Release;
		};
/* End XCConfigurationList section */
	};
	rootObject = 8AA2707528F8A348003B25ED /* Project object */;
}
